
Microsoft Visual Studio Solution File, Format Version 12.00
# Visual Studio Version 17
VisualStudioVersion = 17.14.36301.6
MinimumVisualStudioVersion = 10.0.40219.1
Project("{FAE04EC0-301F-11D3-BF4B-00C04F79EFBC}") = "RockPaperScissorsGame", "RockPaperScissorsGame\RockPaperScissorsGame.csproj", "{2E28F479-D275-4718-AF0A-FF55ACCF8FE8}"
EndProject
Project("{FAE04EC0-301F-11D3-BF4B-00C04F79EFBC}") = "RockPaperScissorsGame.Client", "RockPaperScissorsGame.Client\RockPaperScissorsGame.Client.csproj", "{1574C45E-1364-4A86-B3DD-D1626CB9E000}"
EndProject
Project("{FAE04EC0-301F-11D3-BF4B-00C04F79EFBC}") = "RockPaperScissorsGame.Shared", "RockPaperScissorsGame.Shared\RockPaperScissorsGame.Shared.csproj", "{8B9D4A87-10DB-4A05-8DBB-83F1516C0A31}"
EndProject
Global
	GlobalSection(SolutionConfigurationPlatforms) = preSolution
		Debug|Any CPU = Debug|Any CPU
		Release|Any CPU = Release|Any CPU
	EndGlobalSection
	GlobalSection(ProjectConfigurationPlatforms) = postSolution
		{2E28F479-D275-4718-AF0A-FF55ACCF8FE8}.Debug|Any CPU.ActiveCfg = Debug|Any CPU
		{2E28F479-D275-4718-AF0A-FF55ACCF8FE8}.Debug|Any CPU.Build.0 = Debug|Any CPU
		{2E28F479-D275-4718-AF0A-FF55ACCF8FE8}.Release|Any CPU.ActiveCfg = Release|Any CPU
		{2E28F479-D275-4718-AF0A-FF55ACCF8FE8}.Release|Any CPU.Build.0 = Release|Any CPU
		{1574C45E-1364-4A86-B3DD-D1626CB9E000}.Debug|Any CPU.ActiveCfg = Debug|Any CPU
		{1574C45E-1364-4A86-B3DD-D1626CB9E000}.Debug|Any CPU.Build.0 = Debug|Any CPU
		{1574C45E-1364-4A86-B3DD-D1626CB9E000}.Release|Any CPU.ActiveCfg = Release|Any CPU
		{1574C45E-1364-4A86-B3DD-D1626CB9E000}.Release|Any CPU.Build.0 = Release|Any CPU
		{8B9D4A87-10DB-4A05-8DBB-83F1516C0A31}.Debug|Any CPU.ActiveCfg = Debug|Any CPU
		{8B9D4A87-10DB-4A05-8DBB-83F1516C0A31}.Debug|Any CPU.Build.0 = Debug|Any CPU
		{8B9D4A87-10DB-4A05-8DBB-83F1516C0A31}.Release|Any CPU.ActiveCfg = Release|Any CPU
		{8B9D4A87-10DB-4A05-8DBB-83F1516C0A31}.Release|Any CPU.Build.0 = Release|Any CPU
	EndGlobalSection
	GlobalSection(SolutionProperties) = preSolution
		HideSolutionNode = FALSE
	EndGlobalSection
	GlobalSection(ExtensibilityGlobals) = postSolution
		SolutionGuid = {8345F7F8-7F78-4F31-8B13-8722D7DD7CF2}
	EndGlobalSection
EndGlobal
